
Microsoft Visual Studio Solution File, Format Version 12.00
# Visual Studio Version 17
VisualStudioVersion = 17.5.002.0
MinimumVisualStudioVersion = 10.0.40219.1
Project("{9A19103F-16F7-4668-BE54-9A1E7A4F7556}") = "PixelHouse", "PixelHouse\PixelHouse.csproj", "{A37ADD30-22FA-49F3-9FB9-1A1075F3FA93}"
EndProject
Global
	GlobalSection(SolutionConfigurationPlatforms) = preSolution
		Debug|Any CPU = Debug|Any CPU
		Release|Any CPU = Release|Any CPU
	EndGlobalSection
	GlobalSection(ProjectConfigurationPlatforms) = postSolution
		{A37ADD30-22FA-49F3-9FB9-1A1075F3FA93}.Debug|Any CPU.ActiveCfg = Debug|Any CPU
		{A37ADD30-22FA-49F3-9FB9-1A1075F3FA93}.Debug|Any CPU.Build.0 = Debug|Any CPU
		{A37ADD30-22FA-49F3-9FB9-1A1075F3FA93}.Release|Any CPU.ActiveCfg = Release|Any CPU
		{A37ADD30-22FA-49F3-9FB9-1A1075F3FA93}.Release|Any CPU.Build.0 = Release|Any CPU
	EndGlobalSection
	GlobalSection(SolutionProperties) = preSolution
		HideSolutionNode = FALSE
	EndGlobalSection
	GlobalSection(ExtensibilityGlobals) = postSolution
		SolutionGuid = {B63A2C10-97FD-41F6-93A1-F87521DEC3D6}
	EndGlobalSection
EndGlobal
